// !$*UTF8*$!
{
	archiveVersion = 1;
	classes = {
	};
	objectVersion = 50;
	objects = {

/* Begin PBXBuildFile section */
		16B37AE022513C1B006EC4BD /* AppDelegate.swift in Sources */ = {isa = PBXBuildFile; fileRef = 16B37ADF22513C1B006EC4BD /* AppDelegate.swift */; };
		16B37AE222513C1B006EC4BD /* MasterViewController.swift in Sources */ = {isa = PBXBuildFile; fileRef = 16B37AE122513C1B006EC4BD /* MasterViewController.swift */; };
		16B37AE422513C1B006EC4BD /* DetailViewController.swift in Sources */ = {isa = PBXBuildFile; fileRef = 16B37AE322513C1B006EC4BD /* DetailViewController.swift */; };
		16B37AE722513C1B006EC4BD /* Main.storyboard in Resources */ = {isa = PBXBuildFile; fileRef = 16B37AE522513C1B006EC4BD /* Main.storyboard */; };
		16B37AE922513C1C006EC4BD /* Assets.xcassets in Resources */ = {isa = PBXBuildFile; fileRef = 16B37AE822513C1C006EC4BD /* Assets.xcassets */; };
		16B37AEC22513C1C006EC4BD /* LaunchScreen.storyboard in Resources */ = {isa = PBXBuildFile; fileRef = 16B37AEA22513C1C006EC4BD /* LaunchScreen.storyboard */; };
		16B37AF722513C1C006EC4BD /* JenkinsUnitTestTests.swift in Sources */ = {isa = PBXBuildFile; fileRef = 16B37AF622513C1C006EC4BD /* JenkinsUnitTestTests.swift */; };
		16FDBE802315DDCE0089A562 /* JenkinsUnitTestUITests.swift in Sources */ = {isa = PBXBuildFile; fileRef = 16FDBE7F2315DDCE0089A562 /* JenkinsUnitTestUITests.swift */; };
/* End PBXBuildFile section */

/* Begin PBXContainerItemProxy section */
		16B37AF322513C1C006EC4BD /* PBXContainerItemProxy */ = {
			isa = PBXContainerItemProxy;
			containerPortal = 16B37AD422513C1B006EC4BD /* Project object */;
			proxyType = 1;
			remoteGlobalIDString = 16B37ADB22513C1B006EC4BD;
			remoteInfo = JenkinsUnitTest;
		};
		16FDBE822315DDCE0089A562 /* PBXContainerItemProxy */ = {
			isa = PBXContainerItemProxy;
			containerPortal = 16B37AD422513C1B006EC4BD /* Project object */;
			proxyType = 1;
			remoteGlobalIDString = 16B37ADB22513C1B006EC4BD;
			remoteInfo = JenkinsUnitTest;
		};
/* End PBXContainerItemProxy section */

/* Begin PBXFileReference section */
		16B37ADC22513C1B006EC4BD /* JenkinsUnitTest.app */ = {isa = PBXFileReference; explicitFileType = wrapper.application; includeInIndex = 0; path = JenkinsUnitTest.app; sourceTree = BUILT_PRODUCTS_DIR; };
		16B37ADF22513C1B006EC4BD /* AppDelegate.swift */ = {isa = PBXFileReference; lastKnownFileType = sourcecode.swift; path = AppDelegate.swift; sourceTree = "<group>"; };
		16B37AE122513C1B006EC4BD /* MasterViewController.swift */ = {isa = PBXFileReference; lastKnownFileType = sourcecode.swift; path = MasterViewController.swift; sourceTree = "<group>"; };
		16B37AE322513C1B006EC4BD /* DetailViewController.swift */ = {isa = PBXFileReference; lastKnownFileType = sourcecode.swift; path = DetailViewController.swift; sourceTree = "<group>"; };
		16B37AE622513C1B006EC4BD /* Base */ = {isa = PBXFileReference; lastKnownFileType = file.storyboard; name = Base; path = Base.lproj/Main.storyboard; sourceTree = "<group>"; };
		16B37AE822513C1C006EC4BD /* Assets.xcassets */ = {isa = PBXFileReference; lastKnownFileType = folder.assetcatalog; path = Assets.xcassets; sourceTree = "<group>"; };
		16B37AEB22513C1C006EC4BD /* Base */ = {isa = PBXFileReference; lastKnownFileType = file.storyboard; name = Base; path = Base.lproj/LaunchScreen.storyboard; sourceTree = "<group>"; };
		16B37AED22513C1C006EC4BD /* Info.plist */ = {isa = PBXFileReference; lastKnownFileType = text.plist.xml; path = Info.plist; sourceTree = "<group>"; };
		16B37AF222513C1C006EC4BD /* JenkinsUnitTestTests.xctest */ = {isa = PBXFileReference; explicitFileType = wrapper.cfbundle; includeInIndex = 0; path = JenkinsUnitTestTests.xctest; sourceTree = BUILT_PRODUCTS_DIR; };
		16B37AF622513C1C006EC4BD /* JenkinsUnitTestTests.swift */ = {isa = PBXFileReference; lastKnownFileType = sourcecode.swift; path = JenkinsUnitTestTests.swift; sourceTree = "<group>"; };
		16B37AF822513C1C006EC4BD /* Info.plist */ = {isa = PBXFileReference; lastKnownFileType = text.plist.xml; path = Info.plist; sourceTree = "<group>"; };
		16FDBE7D2315DDCE0089A562 /* JenkinsUnitTestUITests.xctest */ = {isa = PBXFileReference; explicitFileType = wrapper.cfbundle; includeInIndex = 0; path = JenkinsUnitTestUITests.xctest; sourceTree = BUILT_PRODUCTS_DIR; };
		16FDBE7F2315DDCE0089A562 /* JenkinsUnitTestUITests.swift */ = {isa = PBXFileReference; lastKnownFileType = sourcecode.swift; path = JenkinsUnitTestUITests.swift; sourceTree = "<group>"; };
		16FDBE812315DDCE0089A562 /* Info.plist */ = {isa = PBXFileReference; lastKnownFileType = text.plist.xml; path = Info.plist; sourceTree = "<group>"; };
/* End PBXFileReference section */

/* Begin PBXFrameworksBuildPhase section */
		16B37AD922513C1B006EC4BD /* Frameworks */ = {
			isa = PBXFrameworksBuildPhase;
			buildActionMask = 2147483647;
			files = (
			);
			runOnlyForDeploymentPostprocessing = 0;
		};
		16B37AEF22513C1C006EC4BD /* Frameworks */ = {
			isa = PBXFrameworksBuildPhase;
			buildActionMask = 2147483647;
			files = (
			);
			runOnlyForDeploymentPostprocessing = 0;
		};
		16FDBE7A2315DDCE0089A562 /* Frameworks */ = {
			isa = PBXFrameworksBuildPhase;
			buildActionMask = 2147483647;
			files = (
			);
			runOnlyForDeploymentPostprocessing = 0;
		};
/* End PBXFrameworksBuildPhase section */

/* Begin PBXGroup section */
		16B37AD322513C1B006EC4BD = {
			isa = PBXGroup;
			children = (
				16B37ADE22513C1B006EC4BD /* JenkinsUnitTest */,
				16B37AF522513C1C006EC4BD /* JenkinsUnitTestTests */,
				16FDBE7E2315DDCE0089A562 /* JenkinsUnitTestUITests */,
				16B37ADD22513C1B006EC4BD /* Products */,
			);
			sourceTree = "<group>";
		};
		16B37ADD22513C1B006EC4BD /* Products */ = {
			isa = PBXGroup;
			children = (
				16B37ADC22513C1B006EC4BD /* JenkinsUnitTest.app */,
				16B37AF222513C1C006EC4BD /* JenkinsUnitTestTests.xctest */,
				16FDBE7D2315DDCE0089A562 /* JenkinsUnitTestUITests.xctest */,
			);
			name = Products;
			sourceTree = "<group>";
		};
		16B37ADE22513C1B006EC4BD /* JenkinsUnitTest */ = {
			isa = PBXGroup;
			children = (
				16B37ADF22513C1B006EC4BD /* AppDelegate.swift */,
				16B37AE122513C1B006EC4BD /* MasterViewController.swift */,
				16B37AE322513C1B006EC4BD /* DetailViewController.swift */,
				16B37AE522513C1B006EC4BD /* Main.storyboard */,
				16B37AE822513C1C006EC4BD /* Assets.xcassets */,
				16B37AEA22513C1C006EC4BD /* LaunchScreen.storyboard */,
				16B37AED22513C1C006EC4BD /* Info.plist */,
			);
			path = JenkinsUnitTest;
			sourceTree = "<group>";
		};
		16B37AF522513C1C006EC4BD /* JenkinsUnitTestTests */ = {
			isa = PBXGroup;
			children = (
				16B37AF622513C1C006EC4BD /* JenkinsUnitTestTests.swift */,
				16B37AF822513C1C006EC4BD /* Info.plist */,
			);
			path = JenkinsUnitTestTests;
			sourceTree = "<group>";
		};
		16FDBE7E2315DDCE0089A562 /* JenkinsUnitTestUITests */ = {
			isa = PBXGroup;
			children = (
				16FDBE7F2315DDCE0089A562 /* JenkinsUnitTestUITests.swift */,
				16FDBE812315DDCE0089A562 /* Info.plist */,
			);
			path = JenkinsUnitTestUITests;
			sourceTree = "<group>";
		};
/* End PBXGroup section */

/* Begin PBXNativeTarget section */
		16B37ADB22513C1B006EC4BD /* JenkinsUnitTest */ = {
			isa = PBXNativeTarget;
			buildConfigurationList = 16B37AFB22513C1C006EC4BD /* Build configuration list for PBXNativeTarget "JenkinsUnitTest" */;
			buildPhases = (
				16B37AD822513C1B006EC4BD /* Sources */,
				16B37AD922513C1B006EC4BD /* Frameworks */,
				16B37ADA22513C1B006EC4BD /* Resources */,
				16BA59FD231B2CEC0076C2A6 /* ShellScript */,
			);
			buildRules = (
			);
			dependencies = (
			);
			name = JenkinsUnitTest;
			productName = JenkinsUnitTest;
			productReference = 16B37ADC22513C1B006EC4BD /* JenkinsUnitTest.app */;
			productType = "com.apple.product-type.application";
		};
		16B37AF122513C1C006EC4BD /* JenkinsUnitTestTests */ = {
			isa = PBXNativeTarget;
			buildConfigurationList = 16B37AFE22513C1C006EC4BD /* Build configuration list for PBXNativeTarget "JenkinsUnitTestTests" */;
			buildPhases = (
				16B37AEE22513C1C006EC4BD /* Sources */,
				16B37AEF22513C1C006EC4BD /* Frameworks */,
				16B37AF022513C1C006EC4BD /* Resources */,
			);
			buildRules = (
			);
			dependencies = (
				16B37AF422513C1C006EC4BD /* PBXTargetDependency */,
			);
			name = JenkinsUnitTestTests;
			productName = JenkinsUnitTestTests;
			productReference = 16B37AF222513C1C006EC4BD /* JenkinsUnitTestTests.xctest */;
			productType = "com.apple.product-type.bundle.unit-test";
		};
		16FDBE7C2315DDCE0089A562 /* JenkinsUnitTestUITests */ = {
			isa = PBXNativeTarget;
			buildConfigurationList = 16FDBE862315DDCE0089A562 /* Build configuration list for PBXNativeTarget "JenkinsUnitTestUITests" */;
			buildPhases = (
				16FDBE792315DDCE0089A562 /* Sources */,
				16FDBE7A2315DDCE0089A562 /* Frameworks */,
				16FDBE7B2315DDCE0089A562 /* Resources */,
			);
			buildRules = (
			);
			dependencies = (
				16FDBE832315DDCE0089A562 /* PBXTargetDependency */,
			);
			name = JenkinsUnitTestUITests;
			productName = JenkinsUnitTestUITests;
			productReference = 16FDBE7D2315DDCE0089A562 /* JenkinsUnitTestUITests.xctest */;
			productType = "com.apple.product-type.bundle.ui-testing";
		};
/* End PBXNativeTarget section */

/* Begin PBXProject section */
		16B37AD422513C1B006EC4BD /* Project object */ = {
			isa = PBXProject;
			attributes = {
				LastSwiftUpdateCheck = 1020;
				LastUpgradeCheck = 1010;
				ORGANIZATIONNAME = "Alok Sinha";
				TargetAttributes = {
					16B37ADB22513C1B006EC4BD = {
						CreatedOnToolsVersion = 10.1;
					};
					16B37AF122513C1C006EC4BD = {
						CreatedOnToolsVersion = 10.1;
					};
					16FDBE7C2315DDCE0089A562 = {
						CreatedOnToolsVersion = 10.2.1;
						TestTargetID = 16B37ADB22513C1B006EC4BD;
					};
				};
			};
			buildConfigurationList = 16B37AD722513C1B006EC4BD /* Build configuration list for PBXProject "JenkinsUnitTest" */;
			compatibilityVersion = "Xcode 9.3";
			developmentRegion = en;
			hasScannedForEncodings = 0;
			knownRegions = (
				en,
				Base,
			);
			mainGroup = 16B37AD322513C1B006EC4BD;
			productRefGroup = 16B37ADD22513C1B006EC4BD /* Products */;
			projectDirPath = "";
			projectRoot = "";
			targets = (
				16B37ADB22513C1B006EC4BD /* JenkinsUnitTest */,
				16B37AF122513C1C006EC4BD /* JenkinsUnitTestTests */,
				16FDBE7C2315DDCE0089A562 /* JenkinsUnitTestUITests */,
			);
		};
/* End PBXProject section */

/* Begin PBXResourcesBuildPhase section */
		16B37ADA22513C1B006EC4BD /* Resources */ = {
			isa = PBXResourcesBuildPhase;
			buildActionMask = 2147483647;
			files = (
				16B37AEC22513C1C006EC4BD /* LaunchScreen.storyboard in Resources */,
				16B37AE922513C1C006EC4BD /* Assets.xcassets in Resources */,
				16B37AE722513C1B006EC4BD /* Main.storyboard in Resources */,
			);
			runOnlyForDeploymentPostprocessing = 0;
		};
		16B37AF022513C1C006EC4BD /* Resources */ = {
			isa = PBXResourcesBuildPhase;
			buildActionMask = 2147483647;
			files = (
			);
			runOnlyForDeploymentPostprocessing = 0;
		};
		16FDBE7B2315DDCE0089A562 /* Resources */ = {
			isa = PBXResourcesBuildPhase;
			buildActionMask = 2147483647;
			files = (
			);
			runOnlyForDeploymentPostprocessing = 0;
		};
/* End PBXResourcesBuildPhase section */

/* Begin PBXShellScriptBuildPhase section */
		16BA59FD231B2CEC0076C2A6 /* ShellScript */ = {
			isa = PBXShellScriptBuildPhase;
			buildActionMask = 2147483647;
			files = (
			);
			inputFileListPaths = (
			);
			inputPaths = (
			);
			outputFileListPaths = (
			);
			outputPaths = (
			);
			runOnlyForDeploymentPostprocessing = 0;
			shellPath = /bin/sh;
			shellScript = "if which swiftlint >/dev/null; then\nswiftlint\nelse\necho \"warning: SwiftLint not installed, download from https://github.com/realm/SwiftLint\"\nfi\n";
		};
/* End PBXShellScriptBuildPhase section */

/* Begin PBXSourcesBuildPhase section */
		16B37AD822513C1B006EC4BD /* Sources */ = {
			isa = PBXSourcesBuildPhase;
			buildActionMask = 2147483647;
			files = (
				16B37AE422513C1B006EC4BD /* DetailViewController.swift in Sources */,
				16B37AE222513C1B006EC4BD /* MasterViewController.swift in Sources */,
				16B37AE022513C1B006EC4BD /* AppDelegate.swift in Sources */,
			);
			runOnlyForDeploymentPostprocessing = 0;
		};
		16B37AEE22513C1C006EC4BD /* Sources */ = {
			isa = PBXSourcesBuildPhase;
			buildActionMask = 2147483647;
			files = (
				16B37AF722513C1C006EC4BD /* JenkinsUnitTestTests.swift in Sources */,
			);
			runOnlyForDeploymentPostprocessing = 0;
		};
		16FDBE792315DDCE0089A562 /* Sources */ = {
			isa = PBXSourcesBuildPhase;
			buildActionMask = 2147483647;
			files = (
				16FDBE802315DDCE0089A562 /* JenkinsUnitTestUITests.swift in Sources */,
			);
			runOnlyForDeploymentPostprocessing = 0;
		};
/* End PBXSourcesBuildPhase section */

/* Begin PBXTargetDependency section */
		16B37AF422513C1C006EC4BD /* PBXTargetDependency */ = {
			isa = PBXTargetDependency;
			target = 16B37ADB22513C1B006EC4BD /* JenkinsUnitTest */;
			targetProxy = 16B37AF322513C1C006EC4BD /* PBXContainerItemProxy */;
		};
		16FDBE832315DDCE0089A562 /* PBXTargetDependency */ = {
			isa = PBXTargetDependency;
			target = 16B37ADB22513C1B006EC4BD /* JenkinsUnitTest */;
			targetProxy = 16FDBE822315DDCE0089A562 /* PBXContainerItemProxy */;
		};
/* End PBXTargetDependency section */

/* Begin PBXVariantGroup section */
		16B37AE522513C1B006EC4BD /* Main.storyboard */ = {
			isa = PBXVariantGroup;
			children = (
				16B37AE622513C1B006EC4BD /* Base */,
			);
			name = Main.storyboard;
			sourceTree = "<group>";
		};
		16B37AEA22513C1C006EC4BD /* LaunchScreen.storyboard */ = {
			isa = PBXVariantGroup;
			children = (
				16B37AEB22513C1C006EC4BD /* Base */,
			);
			name = LaunchScreen.storyboard;
			sourceTree = "<group>";
		};
/* End PBXVariantGroup section */

/* Begin XCBuildConfiguration section */
		16B37AF922513C1C006EC4BD /* Debug */ = {
			isa = XCBuildConfiguration;
			buildSettings = {
				ALWAYS_SEARCH_USER_PATHS = NO;
				CLANG_ANALYZER_NONNULL = YES;
				CLANG_ANALYZER_NUMBER_OBJECT_CONVERSION = YES_AGGRESSIVE;
				CLANG_CXX_LANGUAGE_STANDARD = "gnu++14";
				CLANG_CXX_LIBRARY = "libc++";
				CLANG_ENABLE_MODULES = YES;
				CLANG_ENABLE_OBJC_ARC = YES;
				CLANG_ENABLE_OBJC_WEAK = YES;
				CLANG_WARN_BLOCK_CAPTURE_AUTORELEASING = YES;
				CLANG_WARN_BOOL_CONVERSION = YES;
				CLANG_WARN_COMMA = YES;
				CLANG_WARN_CONSTANT_CONVERSION = YES;
				CLANG_WARN_DEPRECATED_OBJC_IMPLEMENTATIONS = YES;
				CLANG_WARN_DIRECT_OBJC_ISA_USAGE = YES_ERROR;
				CLANG_WARN_DOCUMENTATION_COMMENTS = YES;
				CLANG_WARN_EMPTY_BODY = YES;
				CLANG_WARN_ENUM_CONVERSION = YES;
				CLANG_WARN_INFINITE_RECURSION = YES;
				CLANG_WARN_INT_CONVERSION = YES;
				CLANG_WARN_NON_LITERAL_NULL_CONVERSION = YES;
				CLANG_WARN_OBJC_IMPLICIT_RETAIN_SELF = YES;
				CLANG_WARN_OBJC_LITERAL_CONVERSION = YES;
				CLANG_WARN_OBJC_ROOT_CLASS = YES_ERROR;
				CLANG_WARN_RANGE_LOOP_ANALYSIS = YES;
				CLANG_WARN_STRICT_PROTOTYPES = YES;
				CLANG_WARN_SUSPICIOUS_MOVE = YES;
				CLANG_WARN_UNGUARDED_AVAILABILITY = YES_AGGRESSIVE;
				CLANG_WARN_UNREACHABLE_CODE = YES;
				CLANG_WARN__DUPLICATE_METHOD_MATCH = YES;
				CODE_SIGN_IDENTITY = "iPhone Developer";
				COPY_PHASE_STRIP = NO;
				DEBUG_INFORMATION_FORMAT = dwarf;
				ENABLE_STRICT_OBJC_MSGSEND = YES;
				ENABLE_TESTABILITY = YES;
				GCC_C_LANGUAGE_STANDARD = gnu11;
				GCC_DYNAMIC_NO_PIC = NO;
				GCC_NO_COMMON_BLOCKS = YES;
				GCC_OPTIMIZATION_LEVEL = 0;
				GCC_PREPROCESSOR_DEFINITIONS = (
					"DEBUG=1",
					"$(inherited)",
				);
				GCC_WARN_64_TO_32_BIT_CONVERSION = YES;
				GCC_WARN_ABOUT_RETURN_TYPE = YES_ERROR;
				GCC_WARN_UNDECLARED_SELECTOR = YES;
				GCC_WARN_UNINITIALIZED_AUTOS = YES_AGGRESSIVE;
				GCC_WARN_UNUSED_FUNCTION = YES;
				GCC_WARN_UNUSED_VARIABLE = YES;
				IPHONEOS_DEPLOYMENT_TARGET = 12.1;
				MTL_ENABLE_DEBUG_INFO = INCLUDE_SOURCE;
				MTL_FAST_MATH = YES;
				ONLY_ACTIVE_ARCH = YES;
				SDKROOT = iphoneos;
				SWIFT_ACTIVE_COMPILATION_CONDITIONS = DEBUG;
				SWIFT_OPTIMIZATION_LEVEL = "-Onone";
			};
			name = Debug;
		};
		16B37AFA22513C1C006EC4BD /* Release */ = {
			isa = XCBuildConfiguration;
			buildSettings = {
				ALWAYS_SEARCH_USER_PATHS = NO;
				CLANG_ANALYZER_NONNULL = YES;
				CLANG_ANALYZER_NUMBER_OBJECT_CONVERSION = YES_AGGRESSIVE;
				CLANG_CXX_LANGUAGE_STANDARD = "gnu++14";
				CLANG_CXX_LIBRARY = "libc++";
				CLANG_ENABLE_MODULES = YES;
				CLANG_ENABLE_OBJC_ARC = YES;
				CLANG_ENABLE_OBJC_WEAK = YES;
				CLANG_WARN_BLOCK_CAPTURE_AUTORELEASING = YES;
				CLANG_WARN_BOOL_CONVERSION = YES;
				CLANG_WARN_COMMA = YES;
				CLANG_WARN_CONSTANT_CONVERSION = YES;
				CLANG_WARN_DEPRECATED_OBJC_IMPLEMENTATIONS = YES;
				CLANG_WARN_DIRECT_OBJC_ISA_USAGE = YES_ERROR;
				CLANG_WARN_DOCUMENTATION_COMMENTS = YES;
				CLANG_WARN_EMPTY_BODY = YES;
				CLANG_WARN_ENUM_CONVERSION = YES;
				CLANG_WARN_INFINITE_RECURSION = YES;
				CLANG_WARN_INT_CONVERSION = YES;
				CLANG_WARN_NON_LITERAL_NULL_CONVERSION = YES;
				CLANG_WARN_OBJC_IMPLICIT_RETAIN_SELF = YES;
				CLANG_WARN_OBJC_LITERAL_CONVERSION = YES;
				CLANG_WARN_OBJC_ROOT_CLASS = YES_ERROR;
				CLANG_WARN_RANGE_LOOP_ANALYSIS = YES;
				CLANG_WARN_STRICT_PROTOTYPES = YES;
				CLANG_WARN_SUSPICIOUS_MOVE = YES;
				CLANG_WARN_UNGUARDED_AVAILABILITY = YES_AGGRESSIVE;
				CLANG_WARN_UNREACHABLE_CODE = YES;
				CLANG_WARN__DUPLICATE_METHOD_MATCH = YES;
				CODE_SIGN_IDENTITY = "iPhone Developer";
				COPY_PHASE_STRIP = NO;
				DEBUG_INFORMATION_FORMAT = "dwarf-with-dsym";
				ENABLE_NS_ASSERTIONS = NO;
				ENABLE_STRICT_OBJC_MSGSEND = YES;
				GCC_C_LANGUAGE_STANDARD = gnu11;
				GCC_NO_COMMON_BLOCKS = YES;
				GCC_WARN_64_TO_32_BIT_CONVERSION = YES;
				GCC_WARN_ABOUT_RETURN_TYPE = YES_ERROR;
				GCC_WARN_UNDECLARED_SELECTOR = YES;
				GCC_WARN_UNINITIALIZED_AUTOS = YES_AGGRESSIVE;
				GCC_WARN_UNUSED_FUNCTION = YES;
				GCC_WARN_UNUSED_VARIABLE = YES;
				IPHONEOS_DEPLOYMENT_TARGET = 12.1;
				MTL_ENABLE_DEBUG_INFO = NO;
				MTL_FAST_MATH = YES;
				SDKROOT = iphoneos;
				SWIFT_COMPILATION_MODE = wholemodule;
				SWIFT_OPTIMIZATION_LEVEL = "-O";
				VALIDATE_PRODUCT = YES;
			};
			name = Release;
		};
		16B37AFC22513C1C006EC4BD /* Debug */ = {
			isa = XCBuildConfiguration;
			buildSettings = {
				ASSETCATALOG_COMPILER_APPICON_NAME = AppIcon;
				CODE_SIGN_IDENTITY = "iPhone Distribution";
				CODE_SIGN_STYLE = Manual;
				DEVELOPMENT_TEAM = VYHL97YKXP;
				INFOPLIST_FILE = JenkinsUnitTest/Info.plist;
				LD_RUNPATH_SEARCH_PATHS = (
					"$(inherited)",
					"@executable_path/Frameworks",
				);
				PRODUCT_BUNDLE_IDENTIFIER = com.jenkins.testApp;
				PRODUCT_NAME = "$(TARGET_NAME)";
				PROVISIONING_PROFILE_SPECIFIER = TestJenkins;
				SWIFT_VERSION = 4.2;
				TARGETED_DEVICE_FAMILY = "1,2";
			};
			name = Debug;
		};
		16B37AFD22513C1C006EC4BD /* Release */ = {
			isa = XCBuildConfiguration;
			buildSettings = {
				ASSETCATALOG_COMPILER_APPICON_NAME = AppIcon;
				CODE_SIGN_IDENTITY = "iPhone Distribution";
				CODE_SIGN_STYLE = Manual;
				DEVELOPMENT_TEAM = VYHL97YKXP;
				INFOPLIST_FILE = JenkinsUnitTest/Info.plist;
				LD_RUNPATH_SEARCH_PATHS = (
					"$(inherited)",
					"@executable_path/Frameworks",
				);
				PRODUCT_BUNDLE_IDENTIFIER = com.jenkins.testApp;
				PRODUCT_NAME = "$(TARGET_NAME)";
				PROVISIONING_PROFILE_SPECIFIER = TestJenkins;
				SWIFT_VERSION = 4.2;
				TARGETED_DEVICE_FAMILY = "1,2";
			};
			name = Release;
		};
		16B37AFF22513C1C006EC4BD /* Debug */ = {
			isa = XCBuildConfiguration;
			buildSettings = {
				ALWAYS_EMBED_SWIFT_STANDARD_LIBRARIES = YES;
				CODE_SIGN_IDENTITY = "iPhone Distribution";
				CODE_SIGN_STYLE = Manual;
				DEVELOPMENT_TEAM = VYHL97YKXP;
				INFOPLIST_FILE = JenkinsUnitTestTests/Info.plist;
				LD_RUNPATH_SEARCH_PATHS = (
					"$(inherited)",
					"@executable_path/Frameworks",
					"@loader_path/Frameworks",
				);
				PRODUCT_BUNDLE_IDENTIFIER = test.JenkinsUnitTestTests;
				PRODUCT_NAME = "$(TARGET_NAME)";
				PROVISIONING_PROFILE_SPECIFIER = "";
				SWIFT_VERSION = 4.2;
				TARGETED_DEVICE_FAMILY = "1,2";
			};
			name = Debug;
		};
		16B37B0022513C1C006EC4BD /* Release */ = {
			isa = XCBuildConfiguration;
			buildSettings = {
				ALWAYS_EMBED_SWIFT_STANDARD_LIBRARIES = YES;
				CODE_SIGN_STYLE = Manual;
				DEVELOPMENT_TEAM = VYHL97YKXP;
				INFOPLIST_FILE = JenkinsUnitTestTests/Info.plist;
				LD_RUNPATH_SEARCH_PATHS = (
					"$(inherited)",
					"@executable_path/Frameworks",
					"@loader_path/Frameworks",
				);
				PRODUCT_BUNDLE_IDENTIFIER = test.JenkinsUnitTestTests;
				PRODUCT_NAME = "$(TARGET_NAME)";
				PROVISIONING_PROFILE_SPECIFIER = "";
				SWIFT_VERSION = 4.2;
				TARGETED_DEVICE_FAMILY = "1,2";
			};
			name = Release;
		};
		16FDBE842315DDCE0089A562 /* Debug */ = {
			isa = XCBuildConfiguration;
			buildSettings = {
				CODE_SIGN_STYLE = Automatic;
				DEVELOPMENT_TEAM = VYHL97YKXP;
				INFOPLIST_FILE = JenkinsUnitTestUITests/Info.plist;
				IPHONEOS_DEPLOYMENT_TARGET = 12.2;
				LD_RUNPATH_SEARCH_PATHS = (
					"$(inherited)",
					"@executable_path/Frameworks",
					"@loader_path/Frameworks",
				);
				PRODUCT_BUNDLE_IDENTIFIER = test.JenkinsUnitTestUITests;
				PRODUCT_NAME = "$(TARGET_NAME)";
				SWIFT_VERSION = 5.0;
				TARGETED_DEVICE_FAMILY = "1,2";
				TEST_TARGET_NAME = JenkinsUnitTest;
			};
			name = Debug;
		};
		16FDBE852315DDCE0089A562 /* Release */ = {
			isa = XCBuildConfiguration;
			buildSettings = {
				CODE_SIGN_STYLE = Automatic;
				DEVELOPMENT_TEAM = VYHL97YKXP;
				INFOPLIST_FILE = JenkinsUnitTestUITests/Info.plist;
				IPHONEOS_DEPLOYMENT_TARGET = 12.2;
				LD_RUNPATH_SEARCH_PATHS = (
					"$(inherited)",
					"@executable_path/Frameworks",
					"@loader_path/Frameworks",
				);
				PRODUCT_BUNDLE_IDENTIFIER = test.JenkinsUnitTestUITests;
				PRODUCT_NAME = "$(TARGET_NAME)";
				SWIFT_VERSION = 5.0;
				TARGETED_DEVICE_FAMILY = "1,2";
				TEST_TARGET_NAME = JenkinsUnitTest;
			};
			name = Release;
		};
/* End XCBuildConfiguration section */

/* Begin XCConfigurationList section */
		16B37AD722513C1B006EC4BD /* Build configuration list for PBXProject "JenkinsUnitTest" */ = {
			isa = XCConfigurationList;
			buildConfigurations = (
				16B37AF922513C1C006EC4BD /* Debug */,
				16B37AFA22513C1C006EC4BD /* Release */,
			);
			defaultConfigurationIsVisible = 0;
			defaultConfigurationName = Release;
		};
		16B37AFB22513C1C006EC4BD /* Build configuration list for PBXNativeTarget "JenkinsUnitTest" */ = {
			isa = XCConfigurationList;
			buildConfigurations = (
				16B37AFC22513C1C006EC4BD /* Debug */,
				16B37AFD22513C1C006EC4BD /* Release */,
			);
			defaultConfigurationIsVisible = 0;
			defaultConfigurationName = Release;
		};
		16B37AFE22513C1C006EC4BD /* Build configuration list for PBXNativeTarget "JenkinsUnitTestTests" */ = {
			isa = XCConfigurationList;
			buildConfigurations = (
				16B37AFF22513C1C006EC4BD /* Debug */,
				16B37B0022513C1C006EC4BD /* Release */,
			);
			defaultConfigurationIsVisible = 0;
			defaultConfigurationName = Release;
		};
		16FDBE862315DDCE0089A562 /* Build configuration list for PBXNativeTarget "JenkinsUnitTestUITests" */ = {
			isa = XCConfigurationList;
			buildConfigurations = (
				16FDBE842315DDCE0089A562 /* Debug */,
				16FDBE852315DDCE0089A562 /* Release */,
			);
			defaultConfigurationIsVisible = 0;
			defaultConfigurationName = Release;
		};
/* End XCConfigurationList section */
	};
	rootObject = 16B37AD422513C1B006EC4BD /* Project object */;
}
